
Microsoft Visual Studio Solution File, Format Version 10.00
# Visual Studio 2008
Project("{FAE04EC0-301F-11D3-BF4B-00C04F79EFBC}") = "fmodex-dotnet", "fmod-dotnet\fmodex-dotnet.csproj", "{349A97D5-AC8E-44E1-AFD0-527F0A2C6367}"
EndProject
Global
	GlobalSection(SolutionConfigurationPlatforms) = preSolution
		Debug|Any CPU = Debug|Any CPU
		Release|Any CPU = Release|Any CPU
	EndGlobalSection
	GlobalSection(ProjectConfigurationPlatforms) = postSolution
		{349A97D5-AC8E-44E1-AFD0-527F0A2C6367}.Debug|Any CPU.ActiveCfg = Debug|Any CPU
		{349A97D5-AC8E-44E1-AFD0-527F0A2C6367}.Debug|Any CPU.Build.0 = Debug|Any CPU
		{349A97D5-AC8E-44E1-AFD0-527F0A2C6367}.Release|Any CPU.ActiveCfg = Release|Any CPU
		{349A97D5-AC8E-44E1-AFD0-527F0A2C6367}.Release|Any CPU.Build.0 = Release|Any CPU
	EndGlobalSection
	GlobalSection(SolutionProperties) = preSolution
		HideSolutionNode = FALSE
	EndGlobalSection
EndGlobal
